// !$*UTF8*$!
{
	archiveVersion = 1;
	classes = {
	};
	objectVersion = 56;
	objects = {

/* Begin PBXBuildFile section */
		275C378A2C7A239600B8ECD6 /* RealityKitContent in Frameworks */ = {isa = PBXBuildFile; productRef = 275C37892C7A239600B8ECD6 /* RealityKitContent */; };
		275C378C2C7A239600B8ECD6 /* DinopediaApp.swift in Sources */ = {isa = PBXBuildFile; fileRef = 275C378B2C7A239600B8ECD6 /* DinopediaApp.swift */; };
		275C37902C7A239600B8ECD6 /* ImmersiveBrachiosaurusView.swift in Sources */ = {isa = PBXBuildFile; fileRef = 275C378F2C7A239600B8ECD6 /* ImmersiveBrachiosaurusView.swift */; };
		275C37922C7A239700B8ECD6 /* Assets.xcassets in Resources */ = {isa = PBXBuildFile; fileRef = 275C37912C7A239700B8ECD6 /* Assets.xcassets */; };
		275C37952C7A239700B8ECD6 /* Preview Assets.xcassets in Resources */ = {isa = PBXBuildFile; fileRef = 275C37942C7A239700B8ECD6 /* Preview Assets.xcassets */; };
		275C379D2C7A25F200B8ECD6 /* DinoCardView.swift in Sources */ = {isa = PBXBuildFile; fileRef = 275C379C2C7A25F200B8ECD6 /* DinoCardView.swift */; };
		275C37A42C7AA76D00B8ECD6 /* DinoPortalCard.swift in Sources */ = {isa = PBXBuildFile; fileRef = 275C37A32C7AA76D00B8ECD6 /* DinoPortalCard.swift */; };
		275C37B22C7B71FB00B8ECD6 /* VelociraptorVolumeView.swift in Sources */ = {isa = PBXBuildFile; fileRef = 275C37B12C7B71FB00B8ECD6 /* VelociraptorVolumeView.swift */; };
		275C37B42C7B724500B8ECD6 /* TriceratopsVolumeView.swift in Sources */ = {isa = PBXBuildFile; fileRef = 275C37B32C7B724500B8ECD6 /* TriceratopsVolumeView.swift */; };
		275C37BD2C7BDC8A00B8ECD6 /* skybox1.jpg in Resources */ = {isa = PBXBuildFile; fileRef = 275C37BC2C7BDC8A00B8ECD6 /* skybox1.jpg */; };
		275C37C92C7BE51100B8ECD6 /* ImmersiveStegosaurusView.swift in Sources */ = {isa = PBXBuildFile; fileRef = 275C37C82C7BE51100B8ECD6 /* ImmersiveStegosaurusView.swift */; };
		275C37CB2C7BF0E000B8ECD6 /* ImmersiveAnimatedStegosaurusView.swift in Sources */ = {isa = PBXBuildFile; fileRef = 275C37CA2C7BF0E000B8ECD6 /* ImmersiveAnimatedStegosaurusView.swift */; };
		276AF22D2C7CBED400D82207 /* skybox2.jpg in Resources */ = {isa = PBXBuildFile; fileRef = 276AF22C2C7CBED400D82207 /* skybox2.jpg */; };
		276AF22F2C7CC39A00D82207 /* FindADinoView.swift in Sources */ = {isa = PBXBuildFile; fileRef = 276AF22E2C7CC39A00D82207 /* FindADinoView.swift */; };
		276AF2312C7E188C00D82207 /* HomeView.swift in Sources */ = {isa = PBXBuildFile; fileRef = 276AF2302C7E188C00D82207 /* HomeView.swift */; };
		276AF2332C86367300D82207 /* Entity + Extension.swift in Sources */ = {isa = PBXBuildFile; fileRef = 276AF2322C86367300D82207 /* Entity + Extension.swift */; };
		276AF2352C908B4000D82207 /* HeadsetPositionManager.swift in Sources */ = {isa = PBXBuildFile; fileRef = 276AF2342C908B4000D82207 /* HeadsetPositionManager.swift */; };
		277478FB2C9CE474004C283D /* PartiallyCloudySkybox.skybox in Resources */ = {isa = PBXBuildFile; fileRef = 277478FA2C9CE474004C283D /* PartiallyCloudySkybox.skybox */; };
/* End PBXBuildFile section */

/* Begin PBXFileReference section */
		275C37842C7A239600B8ECD6 /* Dinopedia.app */ = {isa = PBXFileReference; explicitFileType = wrapper.application; includeInIndex = 0; path = Dinopedia.app; sourceTree = BUILT_PRODUCTS_DIR; };
		275C37882C7A239600B8ECD6 /* RealityKitContent */ = {isa = PBXFileReference; lastKnownFileType = wrapper; path = RealityKitContent; sourceTree = "<group>"; };
		275C378B2C7A239600B8ECD6 /* DinopediaApp.swift */ = {isa = PBXFileReference; lastKnownFileType = sourcecode.swift; path = DinopediaApp.swift; sourceTree = "<group>"; };
		275C378F2C7A239600B8ECD6 /* ImmersiveBrachiosaurusView.swift */ = {isa = PBXFileReference; lastKnownFileType = sourcecode.swift; path = ImmersiveBrachiosaurusView.swift; sourceTree = "<group>"; };
		275C37912C7A239700B8ECD6 /* Assets.xcassets */ = {isa = PBXFileReference; lastKnownFileType = folder.assetcatalog; path = Assets.xcassets; sourceTree = "<group>"; };
		275C37942C7A239700B8ECD6 /* Preview Assets.xcassets */ = {isa = PBXFileReference; lastKnownFileType = folder.assetcatalog; path = "Preview Assets.xcassets"; sourceTree = "<group>"; };
		275C37962C7A239700B8ECD6 /* Info.plist */ = {isa = PBXFileReference; lastKnownFileType = text.plist.xml; path = Info.plist; sourceTree = "<group>"; };
		275C379C2C7A25F200B8ECD6 /* DinoCardView.swift */ = {isa = PBXFileReference; lastKnownFileType = sourcecode.swift; path = DinoCardView.swift; sourceTree = "<group>"; };
		275C37A32C7AA76D00B8ECD6 /* DinoPortalCard.swift */ = {isa = PBXFileReference; lastKnownFileType = sourcecode.swift; path = DinoPortalCard.swift; sourceTree = "<group>"; };
		275C37B12C7B71FB00B8ECD6 /* VelociraptorVolumeView.swift */ = {isa = PBXFileReference; lastKnownFileType = sourcecode.swift; path = VelociraptorVolumeView.swift; sourceTree = "<group>"; };
		275C37B32C7B724500B8ECD6 /* TriceratopsVolumeView.swift */ = {isa = PBXFileReference; lastKnownFileType = sourcecode.swift; path = TriceratopsVolumeView.swift; sourceTree = "<group>"; };
		275C37BC2C7BDC8A00B8ECD6 /* skybox1.jpg */ = {isa = PBXFileReference; lastKnownFileType = image.jpeg; path = skybox1.jpg; sourceTree = "<group>"; };
		275C37C82C7BE51100B8ECD6 /* ImmersiveStegosaurusView.swift */ = {isa = PBXFileReference; lastKnownFileType = sourcecode.swift; path = ImmersiveStegosaurusView.swift; sourceTree = "<group>"; };
		275C37CA2C7BF0E000B8ECD6 /* ImmersiveAnimatedStegosaurusView.swift */ = {isa = PBXFileReference; lastKnownFileType = sourcecode.swift; path = ImmersiveAnimatedStegosaurusView.swift; sourceTree = "<group>"; };
		276AF22C2C7CBED400D82207 /* skybox2.jpg */ = {isa = PBXFileReference; lastKnownFileType = image.jpeg; path = skybox2.jpg; sourceTree = "<group>"; };
		276AF22E2C7CC39A00D82207 /* FindADinoView.swift */ = {isa = PBXFileReference; lastKnownFileType = sourcecode.swift; path = FindADinoView.swift; sourceTree = "<group>"; };
		276AF2302C7E188C00D82207 /* HomeView.swift */ = {isa = PBXFileReference; lastKnownFileType = sourcecode.swift; path = HomeView.swift; sourceTree = "<group>"; };
		276AF2322C86367300D82207 /* Entity + Extension.swift */ = {isa = PBXFileReference; lastKnownFileType = sourcecode.swift; path = "Entity + Extension.swift"; sourceTree = "<group>"; };
		276AF2342C908B4000D82207 /* HeadsetPositionManager.swift */ = {isa = PBXFileReference; lastKnownFileType = sourcecode.swift; path = HeadsetPositionManager.swift; sourceTree = "<group>"; };
		277478FA2C9CE474004C283D /* PartiallyCloudySkybox.skybox */ = {isa = PBXFileReference; lastKnownFileType = file.skybox; path = PartiallyCloudySkybox.skybox; sourceTree = "<group>"; };
/* End PBXFileReference section */

/* Begin PBXFrameworksBuildPhase section */
		275C37812C7A239600B8ECD6 /* Frameworks */ = {
			isa = PBXFrameworksBuildPhase;
			buildActionMask = 2147483647;
			files = (
				275C378A2C7A239600B8ECD6 /* RealityKitContent in Frameworks */,
			);
			runOnlyForDeploymentPostprocessing = 0;
		};
/* End PBXFrameworksBuildPhase section */

/* Begin PBXGroup section */
		275C377B2C7A239600B8ECD6 = {
			isa = PBXGroup;
			children = (
				275C37862C7A239600B8ECD6 /* Dinopedia */,
				275C37872C7A239600B8ECD6 /* Packages */,
				275C37852C7A239600B8ECD6 /* Products */,
			);
			sourceTree = "<group>";
		};
		275C37852C7A239600B8ECD6 /* Products */ = {
			isa = PBXGroup;
			children = (
				275C37842C7A239600B8ECD6 /* Dinopedia.app */,
			);
			name = Products;
			sourceTree = "<group>";
		};
		275C37862C7A239600B8ECD6 /* Dinopedia */ = {
			isa = PBXGroup;
			children = (
				275C378B2C7A239600B8ECD6 /* DinopediaApp.swift */,
				276AF2322C86367300D82207 /* Entity + Extension.swift */,
				276AF2342C908B4000D82207 /* HeadsetPositionManager.swift */,
				275C37B52C7B726100B8ECD6 /* Views */,
				275C37912C7A239700B8ECD6 /* Assets.xcassets */,
				275C37962C7A239700B8ECD6 /* Info.plist */,
				275C37932C7A239700B8ECD6 /* Preview Content */,
				275C37BC2C7BDC8A00B8ECD6 /* skybox1.jpg */,
				276AF22C2C7CBED400D82207 /* skybox2.jpg */,
				277478FA2C9CE474004C283D /* PartiallyCloudySkybox.skybox */,
			);
			path = Dinopedia;
			sourceTree = "<group>";
		};
		275C37872C7A239600B8ECD6 /* Packages */ = {
			isa = PBXGroup;
			children = (
				275C37882C7A239600B8ECD6 /* RealityKitContent */,
			);
			path = Packages;
			sourceTree = "<group>";
		};
		275C37932C7A239700B8ECD6 /* Preview Content */ = {
			isa = PBXGroup;
			children = (
				275C37942C7A239700B8ECD6 /* Preview Assets.xcassets */,
			);
			path = "Preview Content";
			sourceTree = "<group>";
		};
		275C37B52C7B726100B8ECD6 /* Views */ = {
			isa = PBXGroup;
			children = (
				276AF2302C7E188C00D82207 /* HomeView.swift */,
				275C379C2C7A25F200B8ECD6 /* DinoCardView.swift */,
				275C37A32C7AA76D00B8ECD6 /* DinoPortalCard.swift */,
				275C37B12C7B71FB00B8ECD6 /* VelociraptorVolumeView.swift */,
				275C37B32C7B724500B8ECD6 /* TriceratopsVolumeView.swift */,
				275C37C82C7BE51100B8ECD6 /* ImmersiveStegosaurusView.swift */,
				275C37CA2C7BF0E000B8ECD6 /* ImmersiveAnimatedStegosaurusView.swift */,
				275C378F2C7A239600B8ECD6 /* ImmersiveBrachiosaurusView.swift */,
				276AF22E2C7CC39A00D82207 /* FindADinoView.swift */,
			);
			path = Views;
			sourceTree = "<group>";
		};
/* End PBXGroup section */

/* Begin PBXNativeTarget section */
		275C37832C7A239600B8ECD6 /* Dinopedia */ = {
			isa = PBXNativeTarget;
			buildConfigurationList = 275C37992C7A239700B8ECD6 /* Build configuration list for PBXNativeTarget "Dinopedia" */;
			buildPhases = (
				275C37802C7A239600B8ECD6 /* Sources */,
				275C37812C7A239600B8ECD6 /* Frameworks */,
				275C37822C7A239600B8ECD6 /* Resources */,
			);
			buildRules = (
			);
			dependencies = (
			);
			name = Dinopedia;
			packageProductDependencies = (
				275C37892C7A239600B8ECD6 /* RealityKitContent */,
			);
			productName = Dinopedia;
			productReference = 275C37842C7A239600B8ECD6 /* Dinopedia.app */;
			productType = "com.apple.product-type.application";
		};
/* End PBXNativeTarget section */

/* Begin PBXProject section */
		275C377C2C7A239600B8ECD6 /* Project object */ = {
			isa = PBXProject;
			attributes = {
				BuildIndependentTargetsInParallel = 1;
				LastSwiftUpdateCheck = 1540;
				LastUpgradeCheck = 1540;
				TargetAttributes = {
					275C37832C7A239600B8ECD6 = {
						CreatedOnToolsVersion = 15.4;
					};
				};
			};
			buildConfigurationList = 275C377F2C7A239600B8ECD6 /* Build configuration list for PBXProject "Dinopedia" */;
			compatibilityVersion = "Xcode 14.0";
			developmentRegion = en;
			hasScannedForEncodings = 0;
			knownRegions = (
				en,
				Base,
			);
			mainGroup = 275C377B2C7A239600B8ECD6;
			productRefGroup = 275C37852C7A239600B8ECD6 /* Products */;
			projectDirPath = "";
			projectRoot = "";
			targets = (
				275C37832C7A239600B8ECD6 /* Dinopedia */,
			);
		};
/* End PBXProject section */

/* Begin PBXResourcesBuildPhase section */
		275C37822C7A239600B8ECD6 /* Resources */ = {
			isa = PBXResourcesBuildPhase;
			buildActionMask = 2147483647;
			files = (
				277478FB2C9CE474004C283D /* PartiallyCloudySkybox.skybox in Resources */,
				276AF22D2C7CBED400D82207 /* skybox2.jpg in Resources */,
				275C37BD2C7BDC8A00B8ECD6 /* skybox1.jpg in Resources */,
				275C37952C7A239700B8ECD6 /* Preview Assets.xcassets in Resources */,
				275C37922C7A239700B8ECD6 /* Assets.xcassets in Resources */,
			);
			runOnlyForDeploymentPostprocessing = 0;
		};
/* End PBXResourcesBuildPhase section */

/* Begin PBXSourcesBuildPhase section */
		275C37802C7A239600B8ECD6 /* Sources */ = {
			isa = PBXSourcesBuildPhase;
			buildActionMask = 2147483647;
			files = (
				276AF2332C86367300D82207 /* Entity + Extension.swift in Sources */,
				275C37B22C7B71FB00B8ECD6 /* VelociraptorVolumeView.swift in Sources */,
				275C37CB2C7BF0E000B8ECD6 /* ImmersiveAnimatedStegosaurusView.swift in Sources */,
				275C37B42C7B724500B8ECD6 /* TriceratopsVolumeView.swift in Sources */,
				275C379D2C7A25F200B8ECD6 /* DinoCardView.swift in Sources */,
				276AF2352C908B4000D82207 /* HeadsetPositionManager.swift in Sources */,
				275C37A42C7AA76D00B8ECD6 /* DinoPortalCard.swift in Sources */,
				275C37C92C7BE51100B8ECD6 /* ImmersiveStegosaurusView.swift in Sources */,
				275C378C2C7A239600B8ECD6 /* DinopediaApp.swift in Sources */,
				276AF2312C7E188C00D82207 /* HomeView.swift in Sources */,
				276AF22F2C7CC39A00D82207 /* FindADinoView.swift in Sources */,
				275C37902C7A239600B8ECD6 /* ImmersiveBrachiosaurusView.swift in Sources */,
			);
			runOnlyForDeploymentPostprocessing = 0;
		};
/* End PBXSourcesBuildPhase section */

/* Begin XCBuildConfiguration section */
		275C37972C7A239700B8ECD6 /* Debug */ = {
			isa = XCBuildConfiguration;
			buildSettings = {
				ALWAYS_SEARCH_USER_PATHS = NO;
				ASSETCATALOG_COMPILER_GENERATE_SWIFT_ASSET_SYMBOL_EXTENSIONS = YES;
				CLANG_ANALYZER_NONNULL = YES;
				CLANG_ANALYZER_NUMBER_OBJECT_CONVERSION = YES_AGGRESSIVE;
				CLANG_CXX_LANGUAGE_STANDARD = "gnu++20";
				CLANG_ENABLE_MODULES = YES;
				CLANG_ENABLE_OBJC_ARC = YES;
				CLANG_ENABLE_OBJC_WEAK = YES;
				CLANG_WARN_BLOCK_CAPTURE_AUTORELEASING = YES;
				CLANG_WARN_BOOL_CONVERSION = YES;
				CLANG_WARN_COMMA = YES;
				CLANG_WARN_CONSTANT_CONVERSION = YES;
				CLANG_WARN_DEPRECATED_OBJC_IMPLEMENTATIONS = YES;
				CLANG_WARN_DIRECT_OBJC_ISA_USAGE = YES_ERROR;
				CLANG_WARN_DOCUMENTATION_COMMENTS = YES;
				CLANG_WARN_EMPTY_BODY = YES;
				CLANG_WARN_ENUM_CONVERSION = YES;
				CLANG_WARN_INFINITE_RECURSION = YES;
				CLANG_WARN_INT_CONVERSION = YES;
				CLANG_WARN_NON_LITERAL_NULL_CONVERSION = YES;
				CLANG_WARN_OBJC_IMPLICIT_RETAIN_SELF = YES;
				CLANG_WARN_OBJC_LITERAL_CONVERSION = YES;
				CLANG_WARN_OBJC_ROOT_CLASS = YES_ERROR;
				CLANG_WARN_QUOTED_INCLUDE_IN_FRAMEWORK_HEADER = YES;
				CLANG_WARN_RANGE_LOOP_ANALYSIS = YES;
				CLANG_WARN_STRICT_PROTOTYPES = YES;
				CLANG_WARN_SUSPICIOUS_MOVE = YES;
				CLANG_WARN_UNGUARDED_AVAILABILITY = YES_AGGRESSIVE;
				CLANG_WARN_UNREACHABLE_CODE = YES;
				CLANG_WARN__DUPLICATE_METHOD_MATCH = YES;
				COPY_PHASE_STRIP = NO;
				DEBUG_INFORMATION_FORMAT = dwarf;
				ENABLE_STRICT_OBJC_MSGSEND = YES;
				ENABLE_TESTABILITY = YES;
				ENABLE_USER_SCRIPT_SANDBOXING = YES;
				GCC_C_LANGUAGE_STANDARD = gnu17;
				GCC_DYNAMIC_NO_PIC = NO;
				GCC_NO_COMMON_BLOCKS = YES;
				GCC_OPTIMIZATION_LEVEL = 0;
				GCC_PREPROCESSOR_DEFINITIONS = (
					"DEBUG=1",
					"$(inherited)",
				);
				GCC_WARN_64_TO_32_BIT_CONVERSION = YES;
				GCC_WARN_ABOUT_RETURN_TYPE = YES_ERROR;
				GCC_WARN_UNDECLARED_SELECTOR = YES;
				GCC_WARN_UNINITIALIZED_AUTOS = YES_AGGRESSIVE;
				GCC_WARN_UNUSED_FUNCTION = YES;
				GCC_WARN_UNUSED_VARIABLE = YES;
				LOCALIZATION_PREFERS_STRING_CATALOGS = YES;
				MTL_ENABLE_DEBUG_INFO = INCLUDE_SOURCE;
				MTL_FAST_MATH = YES;
				ONLY_ACTIVE_ARCH = YES;
				SDKROOT = xros;
				SWIFT_ACTIVE_COMPILATION_CONDITIONS = "DEBUG $(inherited)";
				SWIFT_OPTIMIZATION_LEVEL = "-Onone";
				XROS_DEPLOYMENT_TARGET = 1.2;
			};
			name = Debug;
		};
		275C37982C7A239700B8ECD6 /* Release */ = {
			isa = XCBuildConfiguration;
			buildSettings = {
				ALWAYS_SEARCH_USER_PATHS = NO;
				ASSETCATALOG_COMPILER_GENERATE_SWIFT_ASSET_SYMBOL_EXTENSIONS = YES;
				CLANG_ANALYZER_NONNULL = YES;
				CLANG_ANALYZER_NUMBER_OBJECT_CONVERSION = YES_AGGRESSIVE;
				CLANG_CXX_LANGUAGE_STANDARD = "gnu++20";
				CLANG_ENABLE_MODULES = YES;
				CLANG_ENABLE_OBJC_ARC = YES;
				CLANG_ENABLE_OBJC_WEAK = YES;
				CLANG_WARN_BLOCK_CAPTURE_AUTORELEASING = YES;
				CLANG_WARN_BOOL_CONVERSION = YES;
				CLANG_WARN_COMMA = YES;
				CLANG_WARN_CONSTANT_CONVERSION = YES;
				CLANG_WARN_DEPRECATED_OBJC_IMPLEMENTATIONS = YES;
				CLANG_WARN_DIRECT_OBJC_ISA_USAGE = YES_ERROR;
				CLANG_WARN_DOCUMENTATION_COMMENTS = YES;
				CLANG_WARN_EMPTY_BODY = YES;
				CLANG_WARN_ENUM_CONVERSION = YES;
				CLANG_WARN_INFINITE_RECURSION = YES;
				CLANG_WARN_INT_CONVERSION = YES;
				CLANG_WARN_NON_LITERAL_NULL_CONVERSION = YES;
				CLANG_WARN_OBJC_IMPLICIT_RETAIN_SELF = YES;
				CLANG_WARN_OBJC_LITERAL_CONVERSION = YES;
				CLANG_WARN_OBJC_ROOT_CLASS = YES_ERROR;
				CLANG_WARN_QUOTED_INCLUDE_IN_FRAMEWORK_HEADER = YES;
				CLANG_WARN_RANGE_LOOP_ANALYSIS = YES;
				CLANG_WARN_STRICT_PROTOTYPES = YES;
				CLANG_WARN_SUSPICIOUS_MOVE = YES;
				CLANG_WARN_UNGUARDED_AVAILABILITY = YES_AGGRESSIVE;
				CLANG_WARN_UNREACHABLE_CODE = YES;
				CLANG_WARN__DUPLICATE_METHOD_MATCH = YES;
				COPY_PHASE_STRIP = NO;
				DEBUG_INFORMATION_FORMAT = "dwarf-with-dsym";
				ENABLE_NS_ASSERTIONS = NO;
				ENABLE_STRICT_OBJC_MSGSEND = YES;
				ENABLE_USER_SCRIPT_SANDBOXING = YES;
				GCC_C_LANGUAGE_STANDARD = gnu17;
				GCC_NO_COMMON_BLOCKS = YES;
				GCC_WARN_64_TO_32_BIT_CONVERSION = YES;
				GCC_WARN_ABOUT_RETURN_TYPE = YES_ERROR;
				GCC_WARN_UNDECLARED_SELECTOR = YES;
				GCC_WARN_UNINITIALIZED_AUTOS = YES_AGGRESSIVE;
				GCC_WARN_UNUSED_FUNCTION = YES;
				GCC_WARN_UNUSED_VARIABLE = YES;
				LOCALIZATION_PREFERS_STRING_CATALOGS = YES;
				MTL_ENABLE_DEBUG_INFO = NO;
				MTL_FAST_MATH = YES;
				SDKROOT = xros;
				SWIFT_COMPILATION_MODE = wholemodule;
				VALIDATE_PRODUCT = YES;
				XROS_DEPLOYMENT_TARGET = 1.2;
			};
			name = Release;
		};
		275C379A2C7A239700B8ECD6 /* Debug */ = {
			isa = XCBuildConfiguration;
			buildSettings = {
				ASSETCATALOG_COMPILER_APPICON_NAME = AppIcon;
				ASSETCATALOG_COMPILER_GLOBAL_ACCENT_COLOR_NAME = AccentColor;
				CODE_SIGN_STYLE = Automatic;
				CURRENT_PROJECT_VERSION = 1;
				DEVELOPMENT_ASSET_PATHS = "\"Dinopedia/Preview Content\"";
				DEVELOPMENT_TEAM = JV9PMB7QFN;
				ENABLE_PREVIEWS = YES;
				GENERATE_INFOPLIST_FILE = YES;
				INFOPLIST_FILE = "$(TARGET_NAME)/Info.plist";
				LD_RUNPATH_SEARCH_PATHS = (
					"$(inherited)",
					"@executable_path/Frameworks",
				);
				MARKETING_VERSION = 1.0;
				PRODUCT_BUNDLE_IDENTIFIER = "Sarang-Borude.Dinopedia";
				PRODUCT_NAME = "$(TARGET_NAME)";
				SUPPORTED_PLATFORMS = "xros xrsimulator";
				SWIFT_EMIT_LOC_STRINGS = YES;
				SWIFT_VERSION = 5.0;
				TARGETED_DEVICE_FAMILY = "1,2,7";
			};
			name = Debug;
		};
		275C379B2C7A239700B8ECD6 /* Release */ = {
			isa = XCBuildConfiguration;
			buildSettings = {
				ASSETCATALOG_COMPILER_APPICON_NAME = AppIcon;
				ASSETCATALOG_COMPILER_GLOBAL_ACCENT_COLOR_NAME = AccentColor;
				CODE_SIGN_STYLE = Automatic;
				CURRENT_PROJECT_VERSION = 1;
				DEVELOPMENT_ASSET_PATHS = "\"Dinopedia/Preview Content\"";
				DEVELOPMENT_TEAM = JV9PMB7QFN;
				ENABLE_PREVIEWS = YES;
				GENERATE_INFOPLIST_FILE = YES;
				INFOPLIST_FILE = "$(TARGET_NAME)/Info.plist";
				LD_RUNPATH_SEARCH_PATHS = (
					"$(inherited)",
					"@executable_path/Frameworks",
				);
				MARKETING_VERSION = 1.0;
				PRODUCT_BUNDLE_IDENTIFIER = "Sarang-Borude.Dinopedia";
				PRODUCT_NAME = "$(TARGET_NAME)";
				SUPPORTED_PLATFORMS = "xros xrsimulator";
				SWIFT_EMIT_LOC_STRINGS = YES;
				SWIFT_VERSION = 5.0;
				TARGETED_DEVICE_FAMILY = "1,2,7";
			};
			name = Release;
		};
/* End XCBuildConfiguration section */

/* Begin XCConfigurationList section */
		275C377F2C7A239600B8ECD6 /* Build configuration list for PBXProject "Dinopedia" */ = {
			isa = XCConfigurationList;
			buildConfigurations = (
				275C37972C7A239700B8ECD6 /* Debug */,
				275C37982C7A239700B8ECD6 /* Release */,
			);
			defaultConfigurationIsVisible = 0;
			defaultConfigurationName = Release;
		};
		275C37992C7A239700B8ECD6 /* Build configuration list for PBXNativeTarget "Dinopedia" */ = {
			isa = XCConfigurationList;
			buildConfigurations = (
				275C379A2C7A239700B8ECD6 /* Debug */,
				275C379B2C7A239700B8ECD6 /* Release */,
			);
			defaultConfigurationIsVisible = 0;
			defaultConfigurationName = Release;
		};
/* End XCConfigurationList section */

/* Begin XCSwiftPackageProductDependency section */
		275C37892C7A239600B8ECD6 /* RealityKitContent */ = {
			isa = XCSwiftPackageProductDependency;
			productName = RealityKitContent;
		};
/* End XCSwiftPackageProductDependency section */
	};
	rootObject = 275C377C2C7A239600B8ECD6 /* Project object */;
}
